
Microsoft Visual Studio Solution File, Format Version 12.00
# Visual Studio Version 16
VisualStudioVersion = 16.0.32126.315
MinimumVisualStudioVersion = 10.0.40219.1
Project("{FAE04EC0-301F-11D3-BF4B-00C04F79EFBC}") = "MoviesApp.API", "MoviesApp.API\MoviesApp.API.csproj", "{13DC5409-6616-4DFB-ACC4-89E1DB4D7950}"
EndProject
Project("{FAE04EC0-301F-11D3-BF4B-00C04F79EFBC}") = "MoviesApp.Domain", "MoviesApp.Domain\MoviesApp.Domain.csproj", "{A99C75F2-C153-4B41-91E8-F9950D7F976D}"
EndProject
Project("{FAE04EC0-301F-11D3-BF4B-00C04F79EFBC}") = "MoviesApp.Infrastructure", "MoviesApp.Infrastructure\MoviesApp.Infrastructure.csproj", "{D5C28047-C975-4917-BA3F-145F2B133B17}"
EndProject
Project("{2150E333-8FDC-42A3-9474-1A3956D46DE8}") = "test", "test", "{0CB19A3A-FAE8-4A34-81C8-042F6A21949B}"
EndProject
Global
	GlobalSection(SolutionConfigurationPlatforms) = preSolution
		Debug|Any CPU = Debug|Any CPU
		Release|Any CPU = Release|Any CPU
	EndGlobalSection
	GlobalSection(ProjectConfigurationPlatforms) = postSolution
		{13DC5409-6616-4DFB-ACC4-89E1DB4D7950}.Debug|Any CPU.ActiveCfg = Debug|Any CPU
		{13DC5409-6616-4DFB-ACC4-89E1DB4D7950}.Debug|Any CPU.Build.0 = Debug|Any CPU
		{13DC5409-6616-4DFB-ACC4-89E1DB4D7950}.Release|Any CPU.ActiveCfg = Release|Any CPU
		{13DC5409-6616-4DFB-ACC4-89E1DB4D7950}.Release|Any CPU.Build.0 = Release|Any CPU
		{A99C75F2-C153-4B41-91E8-F9950D7F976D}.Debug|Any CPU.ActiveCfg = Debug|Any CPU
		{A99C75F2-C153-4B41-91E8-F9950D7F976D}.Debug|Any CPU.Build.0 = Debug|Any CPU
		{A99C75F2-C153-4B41-91E8-F9950D7F976D}.Release|Any CPU.ActiveCfg = Release|Any CPU
		{A99C75F2-C153-4B41-91E8-F9950D7F976D}.Release|Any CPU.Build.0 = Release|Any CPU
		{D5C28047-C975-4917-BA3F-145F2B133B17}.Debug|Any CPU.ActiveCfg = Debug|Any CPU
		{D5C28047-C975-4917-BA3F-145F2B133B17}.Debug|Any CPU.Build.0 = Debug|Any CPU
		{D5C28047-C975-4917-BA3F-145F2B133B17}.Release|Any CPU.ActiveCfg = Release|Any CPU
		{D5C28047-C975-4917-BA3F-145F2B133B17}.Release|Any CPU.Build.0 = Release|Any CPU
	EndGlobalSection
	GlobalSection(SolutionProperties) = preSolution
		HideSolutionNode = FALSE
	EndGlobalSection
	GlobalSection(ExtensibilityGlobals) = postSolution
		SolutionGuid = {CEE6CA02-00FC-4BF3-9B1E-50AF44AB7054}
	EndGlobalSection
EndGlobal
